
Microsoft Visual Studio Solution File, Format Version 12.00
# Visual Studio Version 17
VisualStudioVersion = 17.5.002.0
MinimumVisualStudioVersion = 10.0.40219.1
Project("{9A19103F-16F7-4668-BE54-9A1E7A4F7556}") = "PROG POE", "PROG POE.csproj", "{F665E634-D199-439A-9179-A06098666079}"
EndProject
Global
	GlobalSection(SolutionConfigurationPlatforms) = preSolution
		Debug|Any CPU = Debug|Any CPU
		Release|Any CPU = Release|Any CPU
	EndGlobalSection
	GlobalSection(ProjectConfigurationPlatforms) = postSolution
		{F665E634-D199-439A-9179-A06098666079}.Debug|Any CPU.ActiveCfg = Debug|Any CPU
		{F665E634-D199-439A-9179-A06098666079}.Debug|Any CPU.Build.0 = Debug|Any CPU
		{F665E634-D199-439A-9179-A06098666079}.Release|Any CPU.ActiveCfg = Release|Any CPU
		{F665E634-D199-439A-9179-A06098666079}.Release|Any CPU.Build.0 = Release|Any CPU
	EndGlobalSection
	GlobalSection(SolutionProperties) = preSolution
		HideSolutionNode = FALSE
	EndGlobalSection
	GlobalSection(ExtensibilityGlobals) = postSolution
		SolutionGuid = {60ADF8F7-7988-448F-92E2-ED8F266542A7}
	EndGlobalSection
EndGlobal
